
Microsoft Visual Studio Solution File, Format Version 12.00
# Visual Studio Version 16
VisualStudioVersion = 16.0.28922.388
MinimumVisualStudioVersion = 10.0.40219.1
Project("{FAE04EC0-301F-11D3-BF4B-00C04F79EFBC}") = "PatientCart", "PatientCart\PatientCart.csproj", "{AC3C3459-F405-49B6-817A-CF53AD432EBC}"
EndProject
Global
	GlobalSection(SolutionConfigurationPlatforms) = preSolution
		Debug|Any CPU = Debug|Any CPU
		Release|Any CPU = Release|Any CPU
	EndGlobalSection
	GlobalSection(ProjectConfigurationPlatforms) = postSolution
		{AC3C3459-F405-49B6-817A-CF53AD432EBC}.Debug|Any CPU.ActiveCfg = Debug|Any CPU
		{AC3C3459-F405-49B6-817A-CF53AD432EBC}.Debug|Any CPU.Build.0 = Debug|Any CPU
		{AC3C3459-F405-49B6-817A-CF53AD432EBC}.Release|Any CPU.ActiveCfg = Release|Any CPU
		{AC3C3459-F405-49B6-817A-CF53AD432EBC}.Release|Any CPU.Build.0 = Release|Any CPU
	EndGlobalSection
	GlobalSection(SolutionProperties) = preSolution
		HideSolutionNode = FALSE
	EndGlobalSection
	GlobalSection(ExtensibilityGlobals) = postSolution
		SolutionGuid = {8C38A965-63F6-463C-BE64-688A865FE8AB}
	EndGlobalSection
EndGlobal
